{
  "name": "CS203G5",
  "lockfileVersion": 2,
  "requires": true,
  "packages": {
    "": {
      "dependencies": {
        "jsoup": "^1.0.0"
      }
    },
    "node_modules/jsoup": {
      "version": "1.0.0",
      "resolved": "https://registry.npmjs.org/jsoup/-/jsoup-1.0.0.tgz",
      "integrity": "sha1-lT1rYXuoE1RBNmgm/I4qpGDGy3I="
    }
  },
  "dependencies": {
    "jsoup": {
      "version": "1.0.0",
      "resolved": "https://registry.npmjs.org/jsoup/-/jsoup-1.0.0.tgz",
      "integrity": "sha1-lT1rYXuoE1RBNmgm/I4qpGDGy3I="
    }
  }
}
